
Microsoft Visual Studio Solution File, Format Version 12.00
# Visual Studio 15
VisualStudioVersion = 15.0.28010.2050
MinimumVisualStudioVersion = 10.0.40219.1
Project("{FAE04EC0-301F-11D3-BF4B-00C04F79EFBC}") = "DiplomadoEjercicioDeCodificacion3-2", "DiplomadoEjercicioDeCodificacion3-2\DiplomadoEjercicioDeCodificacion3-2.csproj", "{6601DBFC-D8A6-46E4-9A7B-0EB18FBAE6A4}"
EndProject
Global
	GlobalSection(SolutionConfigurationPlatforms) = preSolution
		Debug|Any CPU = Debug|Any CPU
		Release|Any CPU = Release|Any CPU
	EndGlobalSection
	GlobalSection(ProjectConfigurationPlatforms) = postSolution
		{6601DBFC-D8A6-46E4-9A7B-0EB18FBAE6A4}.Debug|Any CPU.ActiveCfg = Debug|Any CPU
		{6601DBFC-D8A6-46E4-9A7B-0EB18FBAE6A4}.Debug|Any CPU.Build.0 = Debug|Any CPU
		{6601DBFC-D8A6-46E4-9A7B-0EB18FBAE6A4}.Release|Any CPU.ActiveCfg = Release|Any CPU
		{6601DBFC-D8A6-46E4-9A7B-0EB18FBAE6A4}.Release|Any CPU.Build.0 = Release|Any CPU
	EndGlobalSection
	GlobalSection(SolutionProperties) = preSolution
		HideSolutionNode = FALSE
	EndGlobalSection
	GlobalSection(ExtensibilityGlobals) = postSolution
		SolutionGuid = {49ECB1AD-91BC-47AB-A31B-E8E0B846D994}
	EndGlobalSection
EndGlobal
