
Microsoft Visual Studio Solution File, Format Version 12.00
# Visual Studio 15
VisualStudioVersion = 15.0.28010.2050
MinimumVisualStudioVersion = 10.0.40219.1
Project("{FAE04EC0-301F-11D3-BF4B-00C04F79EFBC}") = "DiplomadoEjercicioDeCodificacion5-1", "DiplomadoEjercicioDeCodificacion5-1\DiplomadoEjercicioDeCodificacion5-1.csproj", "{BFF89578-0579-4710-88A6-9E337789DCFC}"
EndProject
Global
	GlobalSection(SolutionConfigurationPlatforms) = preSolution
		Debug|Any CPU = Debug|Any CPU
		Release|Any CPU = Release|Any CPU
	EndGlobalSection
	GlobalSection(ProjectConfigurationPlatforms) = postSolution
		{BFF89578-0579-4710-88A6-9E337789DCFC}.Debug|Any CPU.ActiveCfg = Debug|Any CPU
		{BFF89578-0579-4710-88A6-9E337789DCFC}.Debug|Any CPU.Build.0 = Debug|Any CPU
		{BFF89578-0579-4710-88A6-9E337789DCFC}.Release|Any CPU.ActiveCfg = Release|Any CPU
		{BFF89578-0579-4710-88A6-9E337789DCFC}.Release|Any CPU.Build.0 = Release|Any CPU
	EndGlobalSection
	GlobalSection(SolutionProperties) = preSolution
		HideSolutionNode = FALSE
	EndGlobalSection
	GlobalSection(ExtensibilityGlobals) = postSolution
		SolutionGuid = {F8D5ED2C-CFA9-402A-8F19-300355FBBD43}
	EndGlobalSection
EndGlobal
